{
  "name": "qp-postgres",
  "version": "1.0.27",
  "lockfileVersion": 1,
  "requires": true,
  "dependencies": {
    "async-limiter": {
      "version": "1.0.0",
      "resolved": "https://registry.npmjs.org/async-limiter/-/async-limiter-1.0.0.tgz",
      "integrity": "sha512-jp/uFnooOiO+L211eZOoSyzpOITMXx1rBITauYykG3BRYPu8h0UcxsPNB04RR5vo4Tyz3+ay17tR6JVf9qzYWg=="
    },
    "buffer-writer": {
      "version": "2.0.0",
      "resolved": "https://registry.npmjs.org/buffer-writer/-/buffer-writer-2.0.0.tgz",
      "integrity": "sha512-a7ZpuTZU1TRtnwyCNW3I5dc0wWNC3VR9S++Ewyk2HHZdrO3CQJqSpd+95Us590V6AL7JqUAH2IwZ/398PmNFgw=="
    },
    "dotenv": {
      "version": "7.0.0",
      "resolved": "https://registry.npmjs.org/dotenv/-/dotenv-7.0.0.tgz",
      "integrity": "sha512-M3NhsLbV1i6HuGzBUH8vXrtxOk+tWmzWKDMbAVSUp3Zsjm7ywFeuwrUXhmhQyRK1q5B5GGy7hcXPbj3bnfZg2g=="
    },
    "lru-cache": {
      "version": "4.1.5",
      "resolved": "https://registry.npmjs.org/lru-cache/-/lru-cache-4.1.5.tgz",
      "integrity": "sha512-sWZlbEP2OsHNkXrMl5GYk/jKk70MBng6UU4YI/qGDYbgf6YbP4EvmqISbXCoJiRKs+1bSpFHVgQxvJ17F2li5g==",
      "requires": {
        "pseudomap": "^1.0.2",
        "yallist": "^2.1.2"
      }
    },
    "mime": {
      "version": "2.4.4",
      "resolved": "https://registry.npmjs.org/mime/-/mime-2.4.4.tgz",
      "integrity": "sha512-LRxmNwziLPT828z+4YkNzloCFC2YM4wrB99k+AV5ZbEyfGNWfG8SO1FUXLmLDBSo89NrJZ4DIWeLjy1CHGhMGA=="
    },
    "mustache": {
      "version": "3.0.1",
      "resolved": "https://registry.npmjs.org/mustache/-/mustache-3.0.1.tgz",
      "integrity": "sha512-jFI/4UVRsRYdUbuDTKT7KzfOp7FiD5WzYmmwNwXyUVypC0xjoTL78Fqc0jHUPIvvGD+6DQSPHIt1NE7D1ArsqA=="
    },
    "os-tmpdir": {
      "version": "1.0.2",
      "resolved": "https://registry.npmjs.org/os-tmpdir/-/os-tmpdir-1.0.2.tgz",
      "integrity": "sha1-u+Z0BseaqFxc/sdm/lc0VV36EnQ="
    },
    "packet-reader": {
      "version": "1.0.0",
      "resolved": "https://registry.npmjs.org/packet-reader/-/packet-reader-1.0.0.tgz",
      "integrity": "sha512-HAKu/fG3HpHFO0AA8WE8q2g+gBJaZ9MG7fcKk+IJPLTGAD6Psw4443l+9DGRbOIh3/aXr7Phy0TjilYivJo5XQ=="
    },
    "pg": {
      "version": "8.3.0",
      "resolved": "https://registry.npmjs.org/pg/-/pg-8.3.0.tgz",
      "integrity": "sha512-jQPKWHWxbI09s/Z9aUvoTbvGgoj98AU7FDCcQ7kdejupn/TcNpx56v2gaOTzXkzOajmOEJEdi9eTh9cA2RVAjQ==",
      "requires": {
        "buffer-writer": "2.0.0",
        "packet-reader": "1.0.0",
        "pg-connection-string": "^2.3.0",
        "pg-pool": "^3.2.1",
        "pg-protocol": "^1.2.5",
        "pg-types": "^2.1.0",
        "pgpass": "1.x",
        "semver": "4.3.2"
      }
    },
    "pg-connection-string": {
      "version": "2.3.0",
      "resolved": "https://registry.npmjs.org/pg-connection-string/-/pg-connection-string-2.3.0.tgz",
      "integrity": "sha512-ukMTJXLI7/hZIwTW7hGMZJ0Lj0S2XQBCJ4Shv4y1zgQ/vqVea+FLhzywvPj0ujSuofu+yA4MYHGZPTsgjBgJ+w=="
    },
    "pg-cursor": {
      "version": "2.3.0",
      "resolved": "https://registry.npmjs.org/pg-cursor/-/pg-cursor-2.3.0.tgz",
      "integrity": "sha512-9vOHIWz8T3BWDfif7CDeZVjXUhRv4qOz/FDxolNBBU6AYgK2GThxOYsY6vmNJWuA61rtRrpAorO+LyX9X3o/4A=="
    },
    "pg-int8": {
      "version": "1.0.1",
      "resolved": "https://registry.npmjs.org/pg-int8/-/pg-int8-1.0.1.tgz",
      "integrity": "sha512-WCtabS6t3c8SkpDBUlb1kjOs7l66xsGdKpIPZsg4wR+B3+u9UAum2odSsF9tnvxg80h4ZxLWMy4pRjOsFIqQpw=="
    },
    "pg-packet-stream": {
      "version": "1.1.0",
      "resolved": "https://registry.npmjs.org/pg-packet-stream/-/pg-packet-stream-1.1.0.tgz",
      "integrity": "sha512-kRBH0tDIW/8lfnnOyTwKD23ygJ/kexQVXZs7gEyBljw4FYqimZFxnMMx50ndZ8In77QgfGuItS5LLclC2TtjYg=="
    },
    "pg-pool": {
      "version": "3.2.1",
      "resolved": "https://registry.npmjs.org/pg-pool/-/pg-pool-3.2.1.tgz",
      "integrity": "sha512-BQDPWUeKenVrMMDN9opfns/kZo4lxmSWhIqo+cSAF7+lfi9ZclQbr9vfnlNaPr8wYF3UYjm5X0yPAhbcgqNOdA=="
    },
    "pg-protocol": {
      "version": "1.2.5",
      "resolved": "https://registry.npmjs.org/pg-protocol/-/pg-protocol-1.2.5.tgz",
      "integrity": "sha512-1uYCckkuTfzz/FCefvavRywkowa6M5FohNMF5OjKrqo9PSR8gYc8poVmwwYQaBxhmQdBjhtP514eXy9/Us2xKg=="
    },
    "pg-types": {
      "version": "2.2.0",
      "resolved": "https://registry.npmjs.org/pg-types/-/pg-types-2.2.0.tgz",
      "integrity": "sha512-qTAAlrEsl8s4OiEQY69wDvcMIdQN6wdz5ojQiOy6YRMuynxenON0O5oCpJI6lshc6scgAY8qvJ2On/p+CXY0GA==",
      "requires": {
        "pg-int8": "1.0.1",
        "postgres-array": "~2.0.0",
        "postgres-bytea": "~1.0.0",
        "postgres-date": "~1.0.4",
        "postgres-interval": "^1.1.0"
      }
    },
    "pgpass": {
      "version": "1.0.2",
      "resolved": "https://registry.npmjs.org/pgpass/-/pgpass-1.0.2.tgz",
      "integrity": "sha1-Knu0G2BltnkH6R2hsHwYR8h3swY=",
      "requires": {
        "split": "^1.0.0"
      }
    },
    "postgres-array": {
      "version": "2.0.0",
      "resolved": "https://registry.npmjs.org/postgres-array/-/postgres-array-2.0.0.tgz",
      "integrity": "sha512-VpZrUqU5A69eQyW2c5CA1jtLecCsN2U/bD6VilrFDWq5+5UIEVO7nazS3TEcHf1zuPYO/sqGvUvW62g86RXZuA=="
    },
    "postgres-bytea": {
      "version": "1.0.0",
      "resolved": "https://registry.npmjs.org/postgres-bytea/-/postgres-bytea-1.0.0.tgz",
      "integrity": "sha1-AntTPAqokOJtFy1Hz5zOzFIazTU="
    },
    "postgres-date": {
      "version": "1.0.5",
      "resolved": "https://registry.npmjs.org/postgres-date/-/postgres-date-1.0.5.tgz",
      "integrity": "sha512-pdau6GRPERdAYUQwkBnGKxEfPyhVZXG/JiS44iZWiNdSOWE09N2lUgN6yshuq6fVSon4Pm0VMXd1srUUkLe9iA=="
    },
    "postgres-interval": {
      "version": "1.2.0",
      "resolved": "https://registry.npmjs.org/postgres-interval/-/postgres-interval-1.2.0.tgz",
      "integrity": "sha512-9ZhXKM/rw350N1ovuWHbGxnGh/SNJ4cnxHiM0rxE4VN41wsg8P8zWn9hv/buK00RP4WvlOyr/RBDiptyxVbkZQ==",
      "requires": {
        "xtend": "^4.0.0"
      }
    },
    "pseudomap": {
      "version": "1.0.2",
      "resolved": "https://registry.npmjs.org/pseudomap/-/pseudomap-1.0.2.tgz",
      "integrity": "sha1-8FKijacOYYkX7wqKw0wa5aaChrM="
    },
    "qp-define": {
      "version": "2.0.2",
      "resolved": "https://registry.npmjs.org/qp-define/-/qp-define-2.0.2.tgz",
      "integrity": "sha512-HZijLANosObaqn2zKqPNl996FRHEBziDFg3k7+nIPU5FfHBB+pkH0f1+XGJ8AAlUJtubXZcChX2ZLnM0NjMkhA=="
    },
    "qp-library": {
      "version": "2.1.45",
      "resolved": "https://registry.npmjs.org/qp-library/-/qp-library-2.1.45.tgz",
      "integrity": "sha512-NtLmB/1pLUvUT2AWQjvkyNubg5goTYT2ayk8r1CRQbCWMLqYIaHmkxNN0zGBqgpnEYn0CEeFIDaOxJjwjIoh0A==",
      "requires": {
        "dotenv": "^7.0.0",
        "mime": "^2.4.2",
        "mustache": "^3.0.1",
        "pg": "^7.10.0",
        "qp-define": "^2",
        "qp-utility": "^1.4.63",
        "semver": "^6.0.0",
        "useragent": "^2",
        "ws": "^6.2.1"
      },
      "dependencies": {
        "pg": {
          "version": "7.18.2",
          "resolved": "https://registry.npmjs.org/pg/-/pg-7.18.2.tgz",
          "integrity": "sha512-Mvt0dGYMwvEADNKy5PMQGlzPudKcKKzJds/VbOeZJpb6f/pI3mmoXX0JksPgI3l3JPP/2Apq7F36O63J7mgveA==",
          "requires": {
            "buffer-writer": "2.0.0",
            "packet-reader": "1.0.0",
            "pg-connection-string": "0.1.3",
            "pg-packet-stream": "^1.1.0",
            "pg-pool": "^2.0.10",
            "pg-types": "^2.1.0",
            "pgpass": "1.x",
            "semver": "4.3.2"
          },
          "dependencies": {
            "semver": {
              "version": "4.3.2",
              "resolved": "https://registry.npmjs.org/semver/-/semver-4.3.2.tgz",
              "integrity": "sha1-x6BxWKgL7dBSNVt3DYLWZA+AO+c="
            }
          }
        },
        "pg-connection-string": {
          "version": "0.1.3",
          "resolved": "https://registry.npmjs.org/pg-connection-string/-/pg-connection-string-0.1.3.tgz",
          "integrity": "sha1-2hhHsglA5C7hSSvq9l1J2RskXfc="
        },
        "pg-pool": {
          "version": "2.0.10",
          "resolved": "https://registry.npmjs.org/pg-pool/-/pg-pool-2.0.10.tgz",
          "integrity": "sha512-qdwzY92bHf3nwzIUcj+zJ0Qo5lpG/YxchahxIN8+ZVmXqkahKXsnl2aiJPHLYN9o5mB/leG+Xh6XKxtP7e0sjg=="
        },
        "semver": {
          "version": "6.1.1",
          "resolved": "https://registry.npmjs.org/semver/-/semver-6.1.1.tgz",
          "integrity": "sha512-rWYq2e5iYW+fFe/oPPtYJxYgjBm8sC4rmoGdUOgBB7VnwKt6HrL793l2voH1UlsyYZpJ4g0wfjnTEO1s1NP2eQ=="
        }
      }
    },
    "qp-utility": {
      "version": "1.4.65",
      "resolved": "https://registry.npmjs.org/qp-utility/-/qp-utility-1.4.65.tgz",
      "integrity": "sha512-BDeroo4fgPpgAQhw18RFCbebVOFgUSuiZGV02XVJC9p2fGrst9Tk8IsB6jMURaSDXYbeJSrvsUEQyi3aVa6rgw==",
      "requires": {
        "qp-define": "^2"
      }
    },
    "semver": {
      "version": "4.3.2",
      "resolved": "https://registry.npmjs.org/semver/-/semver-4.3.2.tgz",
      "integrity": "sha1-x6BxWKgL7dBSNVt3DYLWZA+AO+c="
    },
    "split": {
      "version": "1.0.1",
      "resolved": "https://registry.npmjs.org/split/-/split-1.0.1.tgz",
      "integrity": "sha512-mTyOoPbrivtXnwnIxZRFYRrPNtEFKlpB2fvjSnCQUiAA6qAZzqwna5envK4uk6OIeP17CsdF3rSBGYVBsU0Tkg==",
      "requires": {
        "through": "2"
      }
    },
    "through": {
      "version": "2.3.8",
      "resolved": "https://registry.npmjs.org/through/-/through-2.3.8.tgz",
      "integrity": "sha1-DdTJ/6q8NXlgsbckEV1+Doai4fU="
    },
    "tmp": {
      "version": "0.0.33",
      "resolved": "https://registry.npmjs.org/tmp/-/tmp-0.0.33.tgz",
      "integrity": "sha512-jRCJlojKnZ3addtTOjdIqoRuPEKBvNXcGYqzO6zWZX8KfKEpnGY5jfggJQ3EjKuu8D4bJRr0y+cYJFmYbImXGw==",
      "requires": {
        "os-tmpdir": "~1.0.2"
      }
    },
    "useragent": {
      "version": "2.3.0",
      "resolved": "https://registry.npmjs.org/useragent/-/useragent-2.3.0.tgz",
      "integrity": "sha512-4AoH4pxuSvHCjqLO04sU6U/uE65BYza8l/KKBS0b0hnUPWi+cQ2BpeTEwejCSx9SPV5/U03nniDTrWx5NrmKdw==",
      "requires": {
        "lru-cache": "4.1.x",
        "tmp": "0.0.x"
      }
    },
    "ws": {
      "version": "6.2.1",
      "resolved": "https://registry.npmjs.org/ws/-/ws-6.2.1.tgz",
      "integrity": "sha512-GIyAXC2cB7LjvpgMt9EKS2ldqr0MTrORaleiOno6TweZ6r3TKtoFQWay/2PceJ3RuBasOHzXNn5Lrw1X0bEjqA==",
      "requires": {
        "async-limiter": "~1.0.0"
      }
    },
    "xtend": {
      "version": "4.0.2",
      "resolved": "https://registry.npmjs.org/xtend/-/xtend-4.0.2.tgz",
      "integrity": "sha512-LKYU1iAXJXUgAXn9URjiu+MWhyUXHsvfp7mcuYm9dSUKK0/CjtrUwFAxD82/mCWbtLsGjFIad0wIsod4zrTAEQ=="
    },
    "yallist": {
      "version": "2.1.2",
      "resolved": "https://registry.npmjs.org/yallist/-/yallist-2.1.2.tgz",
      "integrity": "sha1-HBH5IY8HYImkfdUS+TxmmaaoHVI="
    }
  }
}
